
Microsoft Visual Studio Solution File, Format Version 12.00
# Visual Studio 15
VisualStudioVersion = 15.0.28307.1169
MinimumVisualStudioVersion = 10.0.40219.1
Project("{FAE04EC0-301F-11D3-BF4B-00C04F79EFBC}") = "RentalKendaraan_072", "RentalKendaraan_072\RentalKendaraan_072.csproj", "{52D91C24-1ED2-4E0F-9A2D-DB97218D02DA}"
EndProject
Global
	GlobalSection(SolutionConfigurationPlatforms) = preSolution
		Debug|Any CPU = Debug|Any CPU
		Release|Any CPU = Release|Any CPU
	EndGlobalSection
	GlobalSection(ProjectConfigurationPlatforms) = postSolution
		{52D91C24-1ED2-4E0F-9A2D-DB97218D02DA}.Debug|Any CPU.ActiveCfg = Debug|Any CPU
		{52D91C24-1ED2-4E0F-9A2D-DB97218D02DA}.Debug|Any CPU.Build.0 = Debug|Any CPU
		{52D91C24-1ED2-4E0F-9A2D-DB97218D02DA}.Release|Any CPU.ActiveCfg = Release|Any CPU
		{52D91C24-1ED2-4E0F-9A2D-DB97218D02DA}.Release|Any CPU.Build.0 = Release|Any CPU
	EndGlobalSection
	GlobalSection(SolutionProperties) = preSolution
		HideSolutionNode = FALSE
	EndGlobalSection
	GlobalSection(ExtensibilityGlobals) = postSolution
		SolutionGuid = {A3DFB2EF-2D13-42A9-8229-9506678F0D00}
	EndGlobalSection
EndGlobal
